Microsoft Visual Studio Solution File, Format Version 12.00
# Visual Studio Version 17
VisualStudioVersion = 17.5.2.0
MinimumVisualStudioVersion = 10.0.40219.1
Project("{FAE04EC0-301F-11D3-BF4B-00C04F79EFBC}") = "EmpleadosApp", "EmpleadosApp.csproj", "{039EAA67-3D70-B66F-A48D-06B1C94EE30C}"
EndProject
Global
	GlobalSection(SolutionConfigurationPlatforms) = preSolution
		Debug|Any CPU = Debug|Any CPU
		Release|Any CPU = Release|Any CPU
	EndGlobalSection
	GlobalSection(ProjectConfigurationPlatforms) = postSolution
		{039EAA67-3D70-B66F-A48D-06B1C94EE30C}.Debug|Any CPU.ActiveCfg = Debug|Any CPU
		{039EAA67-3D70-B66F-A48D-06B1C94EE30C}.Debug|Any CPU.Build.0 = Debug|Any CPU
		{039EAA67-3D70-B66F-A48D-06B1C94EE30C}.Release|Any CPU.ActiveCfg = Release|Any CPU
		{039EAA67-3D70-B66F-A48D-06B1C94EE30C}.Release|Any CPU.Build.0 = Release|Any CPU
	EndGlobalSection
	GlobalSection(SolutionProperties) = preSolution
		HideSolutionNode = FALSE
	EndGlobalSection
	GlobalSection(ExtensibilityGlobals) = postSolution
		SolutionGuid = {19FC87E9-A934-4E5F-8924-4488C71E1E40}
	EndGlobalSection
EndGlobal
